// !$*UTF8*$!
{
	archiveVersion = 1;
	classes = {
	};
	objectVersion = 56;
	objects = {

/* Begin PBXBuildFile section */
		33B7CC4629D003A400E91B3B /* AppDelegate.swift in Sources */ = {isa = PBXBuildFile; fileRef = 33B7CC4529D003A400E91B3B /* AppDelegate.swift */; };
		33B7CC4829D003A400E91B3B /* SceneDelegate.swift in Sources */ = {isa = PBXBuildFile; fileRef = 33B7CC4729D003A400E91B3B /* SceneDelegate.swift */; };
		33B7CC4A29D003A400E91B3B /* MainTabBarViewController.swift in Sources */ = {isa = PBXBuildFile; fileRef = 33B7CC4929D003A400E91B3B /* MainTabBarViewController.swift */; };
		33B7CC4F29D003A400E91B3B /* Assets.xcassets in Resources */ = {isa = PBXBuildFile; fileRef = 33B7CC4E29D003A400E91B3B /* Assets.xcassets */; };
		33B7CC5229D003A400E91B3B /* LaunchScreen.storyboard in Resources */ = {isa = PBXBuildFile; fileRef = 33B7CC5029D003A400E91B3B /* LaunchScreen.storyboard */; };
		33B7CC5C29D0051A00E91B3B /* HomeViewController.swift in Sources */ = {isa = PBXBuildFile; fileRef = 33B7CC5B29D0051A00E91B3B /* HomeViewController.swift */; };
		33B7CC5E29D0053300E91B3B /* SearchViewController.swift in Sources */ = {isa = PBXBuildFile; fileRef = 33B7CC5D29D0053300E91B3B /* SearchViewController.swift */; };
		33B7CC6029D0054700E91B3B /* NotificationsViewController.swift in Sources */ = {isa = PBXBuildFile; fileRef = 33B7CC5F29D0054700E91B3B /* NotificationsViewController.swift */; };
		33B7CC6229D0055E00E91B3B /* DirectMessageViewController.swift in Sources */ = {isa = PBXBuildFile; fileRef = 33B7CC6129D0055E00E91B3B /* DirectMessageViewController.swift */; };
		33B7CC6529D0090D00E91B3B /* TweetTableViewCell.swift in Sources */ = {isa = PBXBuildFile; fileRef = 33B7CC6429D0090D00E91B3B /* TweetTableViewCell.swift */; };
		33B7CC6829D04F0400E91B3B /* ProfileViewController.swift in Sources */ = {isa = PBXBuildFile; fileRef = 33B7CC6729D04F0400E91B3B /* ProfileViewController.swift */; };
		33B7CC6A29D052B400E91B3B /* ProfileTableViewHeader.swift in Sources */ = {isa = PBXBuildFile; fileRef = 33B7CC6929D052B400E91B3B /* ProfileTableViewHeader.swift */; };
/* End PBXBuildFile section */

/* Begin PBXFileReference section */
		33B7CC4229D003A400E91B3B /* TwitterClone.app */ = {isa = PBXFileReference; explicitFileType = wrapper.application; includeInIndex = 0; path = TwitterClone.app; sourceTree = BUILT_PRODUCTS_DIR; };
		33B7CC4529D003A400E91B3B /* AppDelegate.swift */ = {isa = PBXFileReference; lastKnownFileType = sourcecode.swift; path = AppDelegate.swift; sourceTree = "<group>"; };
		33B7CC4729D003A400E91B3B /* SceneDelegate.swift */ = {isa = PBXFileReference; lastKnownFileType = sourcecode.swift; path = SceneDelegate.swift; sourceTree = "<group>"; };
		33B7CC4929D003A400E91B3B /* MainTabBarViewController.swift */ = {isa = PBXFileReference; lastKnownFileType = sourcecode.swift; path = MainTabBarViewController.swift; sourceTree = "<group>"; };
		33B7CC4E29D003A400E91B3B /* Assets.xcassets */ = {isa = PBXFileReference; lastKnownFileType = folder.assetcatalog; path = Assets.xcassets; sourceTree = "<group>"; };
		33B7CC5129D003A400E91B3B /* Base */ = {isa = PBXFileReference; lastKnownFileType = file.storyboard; name = Base; path = Base.lproj/LaunchScreen.storyboard; sourceTree = "<group>"; };
		33B7CC5329D003A400E91B3B /* Info.plist */ = {isa = PBXFileReference; lastKnownFileType = text.plist.xml; path = Info.plist; sourceTree = "<group>"; };
		33B7CC5B29D0051A00E91B3B /* HomeViewController.swift */ = {isa = PBXFileReference; lastKnownFileType = sourcecode.swift; path = HomeViewController.swift; sourceTree = "<group>"; };
		33B7CC5D29D0053300E91B3B /* SearchViewController.swift */ = {isa = PBXFileReference; lastKnownFileType = sourcecode.swift; path = SearchViewController.swift; sourceTree = "<group>"; };
		33B7CC5F29D0054700E91B3B /* NotificationsViewController.swift */ = {isa = PBXFileReference; lastKnownFileType = sourcecode.swift; path = NotificationsViewController.swift; sourceTree = "<group>"; };
		33B7CC6129D0055E00E91B3B /* DirectMessageViewController.swift */ = {isa = PBXFileReference; lastKnownFileType = sourcecode.swift; path = DirectMessageViewController.swift; sourceTree = "<group>"; };
		33B7CC6429D0090D00E91B3B /* TweetTableViewCell.swift */ = {isa = PBXFileReference; lastKnownFileType = sourcecode.swift; path = TweetTableViewCell.swift; sourceTree = "<group>"; };
		33B7CC6729D04F0400E91B3B /* ProfileViewController.swift */ = {isa = PBXFileReference; lastKnownFileType = sourcecode.swift; path = ProfileViewController.swift; sourceTree = "<group>"; };
		33B7CC6929D052B400E91B3B /* ProfileTableViewHeader.swift */ = {isa = PBXFileReference; lastKnownFileType = sourcecode.swift; path = ProfileTableViewHeader.swift; sourceTree = "<group>"; };
/* End PBXFileReference section */

/* Begin PBXFrameworksBuildPhase section */
		33B7CC3F29D003A400E91B3B /* Frameworks */ = {
			isa = PBXFrameworksBuildPhase;
			buildActionMask = 2147483647;
			files = (
			);
			runOnlyForDeploymentPostprocessing = 0;
		};
/* End PBXFrameworksBuildPhase section */

/* Begin PBXGroup section */
		33B7CC3929D003A400E91B3B = {
			isa = PBXGroup;
			children = (
				33B7CC4429D003A400E91B3B /* TwitterClone */,
				33B7CC4329D003A400E91B3B /* Products */,
			);
			sourceTree = "<group>";
		};
		33B7CC4329D003A400E91B3B /* Products */ = {
			isa = PBXGroup;
			children = (
				33B7CC4229D003A400E91B3B /* TwitterClone.app */,
			);
			name = Products;
			sourceTree = "<group>";
		};
		33B7CC4429D003A400E91B3B /* TwitterClone */ = {
			isa = PBXGroup;
			children = (
				33B7CC6329D008E500E91B3B /* Views */,
				33B7CC5929D004F400E91B3B /* Controllers */,
				33B7CC4529D003A400E91B3B /* AppDelegate.swift */,
				33B7CC4729D003A400E91B3B /* SceneDelegate.swift */,
				33B7CC4E29D003A400E91B3B /* Assets.xcassets */,
				33B7CC5029D003A400E91B3B /* LaunchScreen.storyboard */,
				33B7CC5329D003A400E91B3B /* Info.plist */,
			);
			path = TwitterClone;
			sourceTree = "<group>";
		};
		33B7CC5929D004F400E91B3B /* Controllers */ = {
			isa = PBXGroup;
			children = (
				33B7CC6629D04EED00E91B3B /* General */,
				33B7CC5A29D0050700E91B3B /* Core */,
			);
			path = Controllers;
			sourceTree = "<group>";
		};
		33B7CC5A29D0050700E91B3B /* Core */ = {
			isa = PBXGroup;
			children = (
				33B7CC4929D003A400E91B3B /* MainTabBarViewController.swift */,
				33B7CC5B29D0051A00E91B3B /* HomeViewController.swift */,
				33B7CC5D29D0053300E91B3B /* SearchViewController.swift */,
				33B7CC5F29D0054700E91B3B /* NotificationsViewController.swift */,
				33B7CC6129D0055E00E91B3B /* DirectMessageViewController.swift */,
			);
			path = Core;
			sourceTree = "<group>";
		};
		33B7CC6329D008E500E91B3B /* Views */ = {
			isa = PBXGroup;
			children = (
				33B7CC6429D0090D00E91B3B /* TweetTableViewCell.swift */,
				33B7CC6929D052B400E91B3B /* ProfileTableViewHeader.swift */,
			);
			path = Views;
			sourceTree = "<group>";
		};
		33B7CC6629D04EED00E91B3B /* General */ = {
			isa = PBXGroup;
			children = (
				33B7CC6729D04F0400E91B3B /* ProfileViewController.swift */,
			);
			path = General;
			sourceTree = "<group>";
		};
/* End PBXGroup section */

/* Begin PBXNativeTarget section */
		33B7CC4129D003A400E91B3B /* TwitterClone */ = {
			isa = PBXNativeTarget;
			buildConfigurationList = 33B7CC5629D003A400E91B3B /* Build configuration list for PBXNativeTarget "TwitterClone" */;
			buildPhases = (
				33B7CC3E29D003A400E91B3B /* Sources */,
				33B7CC3F29D003A400E91B3B /* Frameworks */,
				33B7CC4029D003A400E91B3B /* Resources */,
			);
			buildRules = (
			);
			dependencies = (
			);
			name = TwitterClone;
			productName = TwitterClone;
			productReference = 33B7CC4229D003A400E91B3B /* TwitterClone.app */;
			productType = "com.apple.product-type.application";
		};
/* End PBXNativeTarget section */

/* Begin PBXProject section */
		33B7CC3A29D003A400E91B3B /* Project object */ = {
			isa = PBXProject;
			attributes = {
				BuildIndependentTargetsInParallel = 1;
				LastSwiftUpdateCheck = 1420;
				LastUpgradeCheck = 1420;
				TargetAttributes = {
					33B7CC4129D003A400E91B3B = {
						CreatedOnToolsVersion = 14.2;
					};
				};
			};
			buildConfigurationList = 33B7CC3D29D003A400E91B3B /* Build configuration list for PBXProject "TwitterClone" */;
			compatibilityVersion = "Xcode 14.0";
			developmentRegion = en;
			hasScannedForEncodings = 0;
			knownRegions = (
				en,
				Base,
			);
			mainGroup = 33B7CC3929D003A400E91B3B;
			productRefGroup = 33B7CC4329D003A400E91B3B /* Products */;
			projectDirPath = "";
			projectRoot = "";
			targets = (
				33B7CC4129D003A400E91B3B /* TwitterClone */,
			);
		};
/* End PBXProject section */

/* Begin PBXResourcesBuildPhase section */
		33B7CC4029D003A400E91B3B /* Resources */ = {
			isa = PBXResourcesBuildPhase;
			buildActionMask = 2147483647;
			files = (
				33B7CC5229D003A400E91B3B /* LaunchScreen.storyboard in Resources */,
				33B7CC4F29D003A400E91B3B /* Assets.xcassets in Resources */,
			);
			runOnlyForDeploymentPostprocessing = 0;
		};
/* End PBXResourcesBuildPhase section */

/* Begin PBXSourcesBuildPhase section */
		33B7CC3E29D003A400E91B3B /* Sources */ = {
			isa = PBXSourcesBuildPhase;
			buildActionMask = 2147483647;
			files = (
				33B7CC5E29D0053300E91B3B /* SearchViewController.swift in Sources */,
				33B7CC4A29D003A400E91B3B /* MainTabBarViewController.swift in Sources */,
				33B7CC4629D003A400E91B3B /* AppDelegate.swift in Sources */,
				33B7CC6029D0054700E91B3B /* NotificationsViewController.swift in Sources */,
				33B7CC6229D0055E00E91B3B /* DirectMessageViewController.swift in Sources */,
				33B7CC4829D003A400E91B3B /* SceneDelegate.swift in Sources */,
				33B7CC6829D04F0400E91B3B /* ProfileViewController.swift in Sources */,
				33B7CC5C29D0051A00E91B3B /* HomeViewController.swift in Sources */,
				33B7CC6A29D052B400E91B3B /* ProfileTableViewHeader.swift in Sources */,
				33B7CC6529D0090D00E91B3B /* TweetTableViewCell.swift in Sources */,
			);
			runOnlyForDeploymentPostprocessing = 0;
		};
/* End PBXSourcesBuildPhase section */

/* Begin PBXVariantGroup section */
		33B7CC5029D003A400E91B3B /* LaunchScreen.storyboard */ = {
			isa = PBXVariantGroup;
			children = (
				33B7CC5129D003A400E91B3B /* Base */,
			);
			name = LaunchScreen.storyboard;
			sourceTree = "<group>";
		};
/* End PBXVariantGroup section */

/* Begin XCBuildConfiguration section */
		33B7CC5429D003A400E91B3B /* Debug */ = {
			isa = XCBuildConfiguration;
			buildSettings = {
				ALWAYS_SEARCH_USER_PATHS = NO;
				CLANG_ANALYZER_NONNULL = YES;
				CLANG_ANALYZER_NUMBER_OBJECT_CONVERSION = YES_AGGRESSIVE;
				CLANG_CXX_LANGUAGE_STANDARD = "gnu++20";
				CLANG_ENABLE_MODULES = YES;
				CLANG_ENABLE_OBJC_ARC = YES;
				CLANG_ENABLE_OBJC_WEAK = YES;
				CLANG_WARN_BLOCK_CAPTURE_AUTORELEASING = YES;
				CLANG_WARN_BOOL_CONVERSION = YES;
				CLANG_WARN_COMMA = YES;
				CLANG_WARN_CONSTANT_CONVERSION = YES;
				CLANG_WARN_DEPRECATED_OBJC_IMPLEMENTATIONS = YES;
				CLANG_WARN_DIRECT_OBJC_ISA_USAGE = YES_ERROR;
				CLANG_WARN_DOCUMENTATION_COMMENTS = YES;
				CLANG_WARN_EMPTY_BODY = YES;
				CLANG_WARN_ENUM_CONVERSION = YES;
				CLANG_WARN_INFINITE_RECURSION = YES;
				CLANG_WARN_INT_CONVERSION = YES;
				CLANG_WARN_NON_LITERAL_NULL_CONVERSION = YES;
				CLANG_WARN_OBJC_IMPLICIT_RETAIN_SELF = YES;
				CLANG_WARN_OBJC_LITERAL_CONVERSION = YES;
				CLANG_WARN_OBJC_ROOT_CLASS = YES_ERROR;
				CLANG_WARN_QUOTED_INCLUDE_IN_FRAMEWORK_HEADER = YES;
				CLANG_WARN_RANGE_LOOP_ANALYSIS = YES;
				CLANG_WARN_STRICT_PROTOTYPES = YES;
				CLANG_WARN_SUSPICIOUS_MOVE = YES;
				CLANG_WARN_UNGUARDED_AVAILABILITY = YES_AGGRESSIVE;
				CLANG_WARN_UNREACHABLE_CODE = YES;
				CLANG_WARN__DUPLICATE_METHOD_MATCH = YES;
				COPY_PHASE_STRIP = NO;
				DEBUG_INFORMATION_FORMAT = dwarf;
				ENABLE_STRICT_OBJC_MSGSEND = YES;
				ENABLE_TESTABILITY = YES;
				GCC_C_LANGUAGE_STANDARD = gnu11;
				GCC_DYNAMIC_NO_PIC = NO;
				GCC_NO_COMMON_BLOCKS = YES;
				GCC_OPTIMIZATION_LEVEL = 0;
				GCC_PREPROCESSOR_DEFINITIONS = (
					"DEBUG=1",
					"$(inherited)",
				);
				GCC_WARN_64_TO_32_BIT_CONVERSION = YES;
				GCC_WARN_ABOUT_RETURN_TYPE = YES_ERROR;
				GCC_WARN_UNDECLARED_SELECTOR = YES;
				GCC_WARN_UNINITIALIZED_AUTOS = YES_AGGRESSIVE;
				GCC_WARN_UNUSED_FUNCTION = YES;
				GCC_WARN_UNUSED_VARIABLE = YES;
				IPHONEOS_DEPLOYMENT_TARGET = 16.2;
				MTL_ENABLE_DEBUG_INFO = INCLUDE_SOURCE;
				MTL_FAST_MATH = YES;
				ONLY_ACTIVE_ARCH = YES;
				SDKROOT = iphoneos;
				SWIFT_ACTIVE_COMPILATION_CONDITIONS = DEBUG;
				SWIFT_OPTIMIZATION_LEVEL = "-Onone";
			};
			name = Debug;
		};
		33B7CC5529D003A400E91B3B /* Release */ = {
			isa = XCBuildConfiguration;
			buildSettings = {
				ALWAYS_SEARCH_USER_PATHS = NO;
				CLANG_ANALYZER_NONNULL = YES;
				CLANG_ANALYZER_NUMBER_OBJECT_CONVERSION = YES_AGGRESSIVE;
				CLANG_CXX_LANGUAGE_STANDARD = "gnu++20";
				CLANG_ENABLE_MODULES = YES;
				CLANG_ENABLE_OBJC_ARC = YES;
				CLANG_ENABLE_OBJC_WEAK = YES;
				CLANG_WARN_BLOCK_CAPTURE_AUTORELEASING = YES;
				CLANG_WARN_BOOL_CONVERSION = YES;
				CLANG_WARN_COMMA = YES;
				CLANG_WARN_CONSTANT_CONVERSION = YES;
				CLANG_WARN_DEPRECATED_OBJC_IMPLEMENTATIONS = YES;
				CLANG_WARN_DIRECT_OBJC_ISA_USAGE = YES_ERROR;
				CLANG_WARN_DOCUMENTATION_COMMENTS = YES;
				CLANG_WARN_EMPTY_BODY = YES;
				CLANG_WARN_ENUM_CONVERSION = YES;
				CLANG_WARN_INFINITE_RECURSION = YES;
				CLANG_WARN_INT_CONVERSION = YES;
				CLANG_WARN_NON_LITERAL_NULL_CONVERSION = YES;
				CLANG_WARN_OBJC_IMPLICIT_RETAIN_SELF = YES;
				CLANG_WARN_OBJC_LITERAL_CONVERSION = YES;
				CLANG_WARN_OBJC_ROOT_CLASS = YES_ERROR;
				CLANG_WARN_QUOTED_INCLUDE_IN_FRAMEWORK_HEADER = YES;
				CLANG_WARN_RANGE_LOOP_ANALYSIS = YES;
				CLANG_WARN_STRICT_PROTOTYPES = YES;
				CLANG_WARN_SUSPICIOUS_MOVE = YES;
				CLANG_WARN_UNGUARDED_AVAILABILITY = YES_AGGRESSIVE;
				CLANG_WARN_UNREACHABLE_CODE = YES;
				CLANG_WARN__DUPLICATE_METHOD_MATCH = YES;
				COPY_PHASE_STRIP = NO;
				DEBUG_INFORMATION_FORMAT = "dwarf-with-dsym";
				ENABLE_NS_ASSERTIONS = NO;
				ENABLE_STRICT_OBJC_MSGSEND = YES;
				GCC_C_LANGUAGE_STANDARD = gnu11;
				GCC_NO_COMMON_BLOCKS = YES;
				GCC_WARN_64_TO_32_BIT_CONVERSION = YES;
				GCC_WARN_ABOUT_RETURN_TYPE = YES_ERROR;
				GCC_WARN_UNDECLARED_SELECTOR = YES;
				GCC_WARN_UNINITIALIZED_AUTOS = YES_AGGRESSIVE;
				GCC_WARN_UNUSED_FUNCTION = YES;
				GCC_WARN_UNUSED_VARIABLE = YES;
				IPHONEOS_DEPLOYMENT_TARGET = 16.2;
				MTL_ENABLE_DEBUG_INFO = NO;
				MTL_FAST_MATH = YES;
				SDKROOT = iphoneos;
				SWIFT_COMPILATION_MODE = wholemodule;
				SWIFT_OPTIMIZATION_LEVEL = "-O";
				VALIDATE_PRODUCT = YES;
			};
			name = Release;
		};
		33B7CC5729D003A400E91B3B /* Debug */ = {
			isa = XCBuildConfiguration;
			buildSettings = {
				ASSETCATALOG_COMPILER_APPICON_NAME = AppIcon;
				ASSETCATALOG_COMPILER_GLOBAL_ACCENT_COLOR_NAME = AccentColor;
				CODE_SIGN_STYLE = Automatic;
				CURRENT_PROJECT_VERSION = 1;
				DEVELOPMENT_TEAM = 6SU3UM7Z98;
				GENERATE_INFOPLIST_FILE = YES;
				INFOPLIST_FILE = TwitterClone/Info.plist;
				INFOPLIST_KEY_UIApplicationSupportsIndirectInputEvents = YES;
				INFOPLIST_KEY_UILaunchStoryboardName = LaunchScreen;
				INFOPLIST_KEY_UISupportedInterfaceOrientations_iPad = "UIInterfaceOrientationPortrait UIInterfaceOrientationPortraitUpsideDown UIInterfaceOrientationLandscapeLeft UIInterfaceOrientationLandscapeRight";
				INFOPLIST_KEY_UISupportedInterfaceOrientations_iPhone = "UIInterfaceOrientationPortrait UIInterfaceOrientationLandscapeLeft UIInterfaceOrientationLandscapeRight";
				LD_RUNPATH_SEARCH_PATHS = (
					"$(inherited)",
					"@executable_path/Frameworks",
				);
				MARKETING_VERSION = 1.0;
				PRODUCT_BUNDLE_IDENTIFIER = com.sky.TwitterClone;
				PRODUCT_NAME = "$(TARGET_NAME)";
				SWIFT_EMIT_LOC_STRINGS = YES;
				SWIFT_VERSION = 5.0;
				TARGETED_DEVICE_FAMILY = "1,2";
			};
			name = Debug;
		};
		33B7CC5829D003A400E91B3B /* Release */ = {
			isa = XCBuildConfiguration;
			buildSettings = {
				ASSETCATALOG_COMPILER_APPICON_NAME = AppIcon;
				ASSETCATALOG_COMPILER_GLOBAL_ACCENT_COLOR_NAME = AccentColor;
				CODE_SIGN_STYLE = Automatic;
				CURRENT_PROJECT_VERSION = 1;
				DEVELOPMENT_TEAM = 6SU3UM7Z98;
				GENERATE_INFOPLIST_FILE = YES;
				INFOPLIST_FILE = TwitterClone/Info.plist;
				INFOPLIST_KEY_UIApplicationSupportsIndirectInputEvents = YES;
				INFOPLIST_KEY_UILaunchStoryboardName = LaunchScreen;
				INFOPLIST_KEY_UISupportedInterfaceOrientations_iPad = "UIInterfaceOrientationPortrait UIInterfaceOrientationPortraitUpsideDown UIInterfaceOrientationLandscapeLeft UIInterfaceOrientationLandscapeRight";
				INFOPLIST_KEY_UISupportedInterfaceOrientations_iPhone = "UIInterfaceOrientationPortrait UIInterfaceOrientationLandscapeLeft UIInterfaceOrientationLandscapeRight";
				LD_RUNPATH_SEARCH_PATHS = (
					"$(inherited)",
					"@executable_path/Frameworks",
				);
				MARKETING_VERSION = 1.0;
				PRODUCT_BUNDLE_IDENTIFIER = com.sky.TwitterClone;
				PRODUCT_NAME = "$(TARGET_NAME)";
				SWIFT_EMIT_LOC_STRINGS = YES;
				SWIFT_VERSION = 5.0;
				TARGETED_DEVICE_FAMILY = "1,2";
			};
			name = Release;
		};
/* End XCBuildConfiguration section */

/* Begin XCConfigurationList section */
		33B7CC3D29D003A400E91B3B /* Build configuration list for PBXProject "TwitterClone" */ = {
			isa = XCConfigurationList;
			buildConfigurations = (
				33B7CC5429D003A400E91B3B /* Debug */,
				33B7CC5529D003A400E91B3B /* Release */,
			);
			defaultConfigurationIsVisible = 0;
			defaultConfigurationName = Release;
		};
		33B7CC5629D003A400E91B3B /* Build configuration list for PBXNativeTarget "TwitterClone" */ = {
			isa = XCConfigurationList;
			buildConfigurations = (
				33B7CC5729D003A400E91B3B /* Debug */,
				33B7CC5829D003A400E91B3B /* Release */,
			);
			defaultConfigurationIsVisible = 0;
			defaultConfigurationName = Release;
		};
/* End XCConfigurationList section */
	};
	rootObject = 33B7CC3A29D003A400E91B3B /* Project object */;
}
